// !$*UTF8*$!
{
	archiveVersion = 1;
	classes = {
	};
	objectVersion = 77;
	objects = {

/* Begin PBXBuildFile section */
		AD07E3D82CF849FF00D4C42C /* XcodeKit.framework in Frameworks */ = {isa = PBXBuildFile; fileRef = AD1397452CF297AA00497008 /* XcodeKit.framework */; };
		AD1397442CF297AA00497008 /* Cocoa.framework in Frameworks */ = {isa = PBXBuildFile; fileRef = AD1397432CF297AA00497008 /* Cocoa.framework */; };
		AD1397502CF297AA00497008 /* Testing Tools Extension.appex in Embed Foundation Extensions */ = {isa = PBXBuildFile; fileRef = AD1397412CF297AA00497008 /* Testing Tools Extension.appex */; settings = {ATTRIBUTES = (RemoveHeadersOnCopy, ); }; };
		AD1397562CF297C800497008 /* XcodeKit.framework in Frameworks */ = {isa = PBXBuildFile; fileRef = AD1397452CF297AA00497008 /* XcodeKit.framework */; };
		AD1397572CF297C800497008 /* XcodeKit.framework in Embed Frameworks */ = {isa = PBXBuildFile; fileRef = AD1397452CF297AA00497008 /* XcodeKit.framework */; settings = {ATTRIBUTES = (CodeSignOnCopy, RemoveHeadersOnCopy, ); }; };
/* End PBXBuildFile section */

/* Begin PBXContainerItemProxy section */
		AD13974E2CF297AA00497008 /* PBXContainerItemProxy */ = {
			isa = PBXContainerItemProxy;
			containerPortal = AD1397232CF2972900497008 /* Project object */;
			proxyType = 1;
			remoteGlobalIDString = AD1397402CF297AA00497008;
			remoteInfo = TestingToolsExtension;
		};
		ADA80AC82CF317FD005FE717 /* PBXContainerItemProxy */ = {
			isa = PBXContainerItemProxy;
			containerPortal = AD1397232CF2972900497008 /* Project object */;
			proxyType = 1;
			remoteGlobalIDString = AD13972A2CF2972900497008;
			remoteInfo = TestingTools;
		};
/* End PBXContainerItemProxy section */

/* Begin PBXCopyFilesBuildPhase section */
		AD1397552CF297AA00497008 /* Embed Foundation Extensions */ = {
			isa = PBXCopyFilesBuildPhase;
			buildActionMask = 2147483647;
			dstPath = "";
			dstSubfolderSpec = 13;
			files = (
				AD1397502CF297AA00497008 /* Testing Tools Extension.appex in Embed Foundation Extensions */,
			);
			name = "Embed Foundation Extensions";
			runOnlyForDeploymentPostprocessing = 0;
		};
		AD1397582CF297C800497008 /* Embed Frameworks */ = {
			isa = PBXCopyFilesBuildPhase;
			buildActionMask = 2147483647;
			dstPath = "";
			dstSubfolderSpec = 10;
			files = (
				AD1397572CF297C800497008 /* XcodeKit.framework in Embed Frameworks */,
			);
			name = "Embed Frameworks";
			runOnlyForDeploymentPostprocessing = 0;
		};
/* End PBXCopyFilesBuildPhase section */

/* Begin PBXFileReference section */
		AD13972B2CF2972900497008 /* Testing Tools.app */ = {isa = PBXFileReference; explicitFileType = wrapper.application; includeInIndex = 0; path = "Testing Tools.app"; sourceTree = BUILT_PRODUCTS_DIR; };
		AD1397412CF297AA00497008 /* Testing Tools Extension.appex */ = {isa = PBXFileReference; explicitFileType = "wrapper.app-extension"; includeInIndex = 0; path = "Testing Tools Extension.appex"; sourceTree = BUILT_PRODUCTS_DIR; };
		AD1397432CF297AA00497008 /* Cocoa.framework */ = {isa = PBXFileReference; lastKnownFileType = wrapper.framework; name = Cocoa.framework; path = System/Library/Frameworks/Cocoa.framework; sourceTree = SDKROOT; };
		AD1397452CF297AA00497008 /* XcodeKit.framework */ = {isa = PBXFileReference; lastKnownFileType = wrapper.framework; name = XcodeKit.framework; path = Library/Frameworks/XcodeKit.framework; sourceTree = DEVELOPER_DIR; };
		ADA80AC42CF317FD005FE717 /* Testing Tools Tests.xctest */ = {isa = PBXFileReference; explicitFileType = wrapper.cfbundle; includeInIndex = 0; path = "Testing Tools Tests.xctest"; sourceTree = BUILT_PRODUCTS_DIR; };
/* End PBXFileReference section */

/* Begin PBXFileSystemSynchronizedBuildFileExceptionSet section */
		AD1397512CF297AA00497008 /* Exceptions for "TestingToolsExtension" folder in "Testing Tools Extension" target */ = {
			isa = PBXFileSystemSynchronizedBuildFileExceptionSet;
			membershipExceptions = (
				Info.plist,
			);
			target = AD1397402CF297AA00497008 /* Testing Tools Extension */;
		};
		AD43C8282CF5A834002484E8 /* Exceptions for "TestingToolsExtension" folder in "Testing Tools Tests" target */ = {
			isa = PBXFileSystemSynchronizedBuildFileExceptionSet;
			membershipExceptions = (
				Actions/AddProgressMarker.swift,
				Actions/CreateObject.swift,
				"Extensions/Array+SafeAccess.swift",
				TestingToolsError.swift,
			);
			target = ADA80AC32CF317FD005FE717 /* Testing Tools Tests */;
		};
		ADF14FC02D1062C900671109 /* Exceptions for "TestingTools" folder in "Testing Tools" target */ = {
			isa = PBXFileSystemSynchronizedBuildFileExceptionSet;
			membershipExceptions = (
				Info.plist,
			);
			target = AD13972A2CF2972900497008 /* Testing Tools */;
		};
/* End PBXFileSystemSynchronizedBuildFileExceptionSet section */

/* Begin PBXFileSystemSynchronizedRootGroup section */
		AD13972D2CF2972900497008 /* TestingTools */ = {
			isa = PBXFileSystemSynchronizedRootGroup;
			exceptions = (
				ADF14FC02D1062C900671109 /* Exceptions for "TestingTools" folder in "Testing Tools" target */,
			);
			path = TestingTools;
			sourceTree = "<group>";
		};
		AD1397472CF297AA00497008 /* TestingToolsExtension */ = {
			isa = PBXFileSystemSynchronizedRootGroup;
			exceptions = (
				AD1397512CF297AA00497008 /* Exceptions for "TestingToolsExtension" folder in "Testing Tools Extension" target */,
				AD43C8282CF5A834002484E8 /* Exceptions for "TestingToolsExtension" folder in "Testing Tools Tests" target */,
			);
			path = TestingToolsExtension;
			sourceTree = "<group>";
		};
		ADA80AC52CF317FD005FE717 /* TestingToolsTests */ = {
			isa = PBXFileSystemSynchronizedRootGroup;
			path = TestingToolsTests;
			sourceTree = "<group>";
		};
/* End PBXFileSystemSynchronizedRootGroup section */

/* Begin PBXFrameworksBuildPhase section */
		AD1397282CF2972900497008 /* Frameworks */ = {
			isa = PBXFrameworksBuildPhase;
			buildActionMask = 2147483647;
			files = (
			);
			runOnlyForDeploymentPostprocessing = 0;
		};
		AD13973E2CF297AA00497008 /* Frameworks */ = {
			isa = PBXFrameworksBuildPhase;
			buildActionMask = 2147483647;
			files = (
				AD1397442CF297AA00497008 /* Cocoa.framework in Frameworks */,
				AD1397562CF297C800497008 /* XcodeKit.framework in Frameworks */,
			);
			runOnlyForDeploymentPostprocessing = 0;
		};
		ADA80AC12CF317FD005FE717 /* Frameworks */ = {
			isa = PBXFrameworksBuildPhase;
			buildActionMask = 2147483647;
			files = (
				AD07E3D82CF849FF00D4C42C /* XcodeKit.framework in Frameworks */,
			);
			runOnlyForDeploymentPostprocessing = 0;
		};
/* End PBXFrameworksBuildPhase section */

/* Begin PBXGroup section */
		AD1397222CF2972900497008 = {
			isa = PBXGroup;
			children = (
				AD13972D2CF2972900497008 /* TestingTools */,
				AD1397472CF297AA00497008 /* TestingToolsExtension */,
				ADA80AC52CF317FD005FE717 /* TestingToolsTests */,
				AD1397422CF297AA00497008 /* Frameworks */,
				AD13972C2CF2972900497008 /* Products */,
			);
			sourceTree = "<group>";
		};
		AD13972C2CF2972900497008 /* Products */ = {
			isa = PBXGroup;
			children = (
				AD13972B2CF2972900497008 /* Testing Tools.app */,
				AD1397412CF297AA00497008 /* Testing Tools Extension.appex */,
				ADA80AC42CF317FD005FE717 /* Testing Tools Tests.xctest */,
			);
			name = Products;
			sourceTree = "<group>";
		};
		AD1397422CF297AA00497008 /* Frameworks */ = {
			isa = PBXGroup;
			children = (
				AD1397432CF297AA00497008 /* Cocoa.framework */,
				AD1397452CF297AA00497008 /* XcodeKit.framework */,
			);
			name = Frameworks;
			sourceTree = "<group>";
		};
/* End PBXGroup section */

/* Begin PBXNativeTarget section */
		AD13972A2CF2972900497008 /* Testing Tools */ = {
			isa = PBXNativeTarget;
			buildConfigurationList = AD13973A2CF2972B00497008 /* Build configuration list for PBXNativeTarget "Testing Tools" */;
			buildPhases = (
				AD1397272CF2972900497008 /* Sources */,
				AD1397282CF2972900497008 /* Frameworks */,
				AD1397292CF2972900497008 /* Resources */,
				AD1397552CF297AA00497008 /* Embed Foundation Extensions */,
			);
			buildRules = (
			);
			dependencies = (
				AD13974F2CF297AA00497008 /* PBXTargetDependency */,
			);
			fileSystemSynchronizedGroups = (
				AD13972D2CF2972900497008 /* TestingTools */,
			);
			name = "Testing Tools";
			packageProductDependencies = (
			);
			productName = TestingTools;
			productReference = AD13972B2CF2972900497008 /* Testing Tools.app */;
			productType = "com.apple.product-type.application";
		};
		AD1397402CF297AA00497008 /* Testing Tools Extension */ = {
			isa = PBXNativeTarget;
			buildConfigurationList = AD1397522CF297AA00497008 /* Build configuration list for PBXNativeTarget "Testing Tools Extension" */;
			buildPhases = (
				AD13973D2CF297AA00497008 /* Sources */,
				AD13973E2CF297AA00497008 /* Frameworks */,
				AD13973F2CF297AA00497008 /* Resources */,
				AD1397582CF297C800497008 /* Embed Frameworks */,
			);
			buildRules = (
			);
			dependencies = (
			);
			fileSystemSynchronizedGroups = (
				AD1397472CF297AA00497008 /* TestingToolsExtension */,
			);
			name = "Testing Tools Extension";
			packageProductDependencies = (
			);
			productName = TestingToolsExtension;
			productReference = AD1397412CF297AA00497008 /* Testing Tools Extension.appex */;
			productType = "com.apple.product-type.xcode-extension";
		};
		ADA80AC32CF317FD005FE717 /* Testing Tools Tests */ = {
			isa = PBXNativeTarget;
			buildConfigurationList = ADA80ACC2CF317FD005FE717 /* Build configuration list for PBXNativeTarget "Testing Tools Tests" */;
			buildPhases = (
				ADA80AC02CF317FD005FE717 /* Sources */,
				ADA80AC12CF317FD005FE717 /* Frameworks */,
				ADA80AC22CF317FD005FE717 /* Resources */,
			);
			buildRules = (
			);
			dependencies = (
				ADA80AC92CF317FD005FE717 /* PBXTargetDependency */,
			);
			fileSystemSynchronizedGroups = (
				ADA80AC52CF317FD005FE717 /* TestingToolsTests */,
			);
			name = "Testing Tools Tests";
			packageProductDependencies = (
			);
			productName = TestingToolsTests;
			productReference = ADA80AC42CF317FD005FE717 /* Testing Tools Tests.xctest */;
			productType = "com.apple.product-type.bundle.unit-test";
		};
/* End PBXNativeTarget section */

/* Begin PBXProject section */
		AD1397232CF2972900497008 /* Project object */ = {
			isa = PBXProject;
			attributes = {
				BuildIndependentTargetsInParallel = 1;
				LastSwiftUpdateCheck = 1610;
				LastUpgradeCheck = 1610;
				TargetAttributes = {
					AD13972A2CF2972900497008 = {
						CreatedOnToolsVersion = 16.1;
					};
					AD1397402CF297AA00497008 = {
						CreatedOnToolsVersion = 16.1;
					};
					ADA80AC32CF317FD005FE717 = {
						CreatedOnToolsVersion = 16.1;
						TestTargetID = AD13972A2CF2972900497008;
					};
				};
			};
			buildConfigurationList = AD1397262CF2972900497008 /* Build configuration list for PBXProject "TestingTools" */;
			developmentRegion = en;
			hasScannedForEncodings = 0;
			knownRegions = (
				en,
				Base,
			);
			mainGroup = AD1397222CF2972900497008;
			minimizedProjectReferenceProxies = 1;
			preferredProjectObjectVersion = 77;
			productRefGroup = AD13972C2CF2972900497008 /* Products */;
			projectDirPath = "";
			projectRoot = "";
			targets = (
				AD13972A2CF2972900497008 /* Testing Tools */,
				AD1397402CF297AA00497008 /* Testing Tools Extension */,
				ADA80AC32CF317FD005FE717 /* Testing Tools Tests */,
			);
		};
/* End PBXProject section */

/* Begin PBXResourcesBuildPhase section */
		AD1397292CF2972900497008 /* Resources */ = {
			isa = PBXResourcesBuildPhase;
			buildActionMask = 2147483647;
			files = (
			);
			runOnlyForDeploymentPostprocessing = 0;
		};
		AD13973F2CF297AA00497008 /* Resources */ = {
			isa = PBXResourcesBuildPhase;
			buildActionMask = 2147483647;
			files = (
			);
			runOnlyForDeploymentPostprocessing = 0;
		};
		ADA80AC22CF317FD005FE717 /* Resources */ = {
			isa = PBXResourcesBuildPhase;
			buildActionMask = 2147483647;
			files = (
			);
			runOnlyForDeploymentPostprocessing = 0;
		};
/* End PBXResourcesBuildPhase section */

/* Begin PBXSourcesBuildPhase section */
		AD1397272CF2972900497008 /* Sources */ = {
			isa = PBXSourcesBuildPhase;
			buildActionMask = 2147483647;
			files = (
			);
			runOnlyForDeploymentPostprocessing = 0;
		};
		AD13973D2CF297AA00497008 /* Sources */ = {
			isa = PBXSourcesBuildPhase;
			buildActionMask = 2147483647;
			files = (
			);
			runOnlyForDeploymentPostprocessing = 0;
		};
		ADA80AC02CF317FD005FE717 /* Sources */ = {
			isa = PBXSourcesBuildPhase;
			buildActionMask = 2147483647;
			files = (
			);
			runOnlyForDeploymentPostprocessing = 0;
		};
/* End PBXSourcesBuildPhase section */

/* Begin PBXTargetDependency section */
		AD13974F2CF297AA00497008 /* PBXTargetDependency */ = {
			isa = PBXTargetDependency;
			target = AD1397402CF297AA00497008 /* Testing Tools Extension */;
			targetProxy = AD13974E2CF297AA00497008 /* PBXContainerItemProxy */;
		};
		ADA80AC92CF317FD005FE717 /* PBXTargetDependency */ = {
			isa = PBXTargetDependency;
			target = AD13972A2CF2972900497008 /* Testing Tools */;
			targetProxy = ADA80AC82CF317FD005FE717 /* PBXContainerItemProxy */;
		};
/* End PBXTargetDependency section */

/* Begin XCBuildConfiguration section */
		AD1397382CF2972B00497008 /* Debug */ = {
			isa = XCBuildConfiguration;
			buildSettings = {
				ALWAYS_SEARCH_USER_PATHS = NO;
				ASSETCATALOG_COMPILER_GENERATE_SWIFT_ASSET_SYMBOL_EXTENSIONS = YES;
				CLANG_ANALYZER_NONNULL = YES;
				CLANG_ANALYZER_NUMBER_OBJECT_CONVERSION = YES_AGGRESSIVE;
				CLANG_CXX_LANGUAGE_STANDARD = "gnu++20";
				CLANG_ENABLE_MODULES = YES;
				CLANG_ENABLE_OBJC_ARC = YES;
				CLANG_ENABLE_OBJC_WEAK = YES;
				CLANG_WARN_BLOCK_CAPTURE_AUTORELEASING = YES;
				CLANG_WARN_BOOL_CONVERSION = YES;
				CLANG_WARN_COMMA = YES;
				CLANG_WARN_CONSTANT_CONVERSION = YES;
				CLANG_WARN_DEPRECATED_OBJC_IMPLEMENTATIONS = YES;
				CLANG_WARN_DIRECT_OBJC_ISA_USAGE = YES_ERROR;
				CLANG_WARN_DOCUMENTATION_COMMENTS = YES;
				CLANG_WARN_EMPTY_BODY = YES;
				CLANG_WARN_ENUM_CONVERSION = YES;
				CLANG_WARN_INFINITE_RECURSION = YES;
				CLANG_WARN_INT_CONVERSION = YES;
				CLANG_WARN_NON_LITERAL_NULL_CONVERSION = YES;
				CLANG_WARN_OBJC_IMPLICIT_RETAIN_SELF = YES;
				CLANG_WARN_OBJC_LITERAL_CONVERSION = YES;
				CLANG_WARN_OBJC_ROOT_CLASS = YES_ERROR;
				CLANG_WARN_QUOTED_INCLUDE_IN_FRAMEWORK_HEADER = YES;
				CLANG_WARN_RANGE_LOOP_ANALYSIS = YES;
				CLANG_WARN_STRICT_PROTOTYPES = YES;
				CLANG_WARN_SUSPICIOUS_MOVE = YES;
				CLANG_WARN_UNGUARDED_AVAILABILITY = YES_AGGRESSIVE;
				CLANG_WARN_UNREACHABLE_CODE = YES;
				CLANG_WARN__DUPLICATE_METHOD_MATCH = YES;
				COPY_PHASE_STRIP = NO;
				DEBUG_INFORMATION_FORMAT = dwarf;
				ENABLE_STRICT_OBJC_MSGSEND = YES;
				ENABLE_TESTABILITY = YES;
				ENABLE_USER_SCRIPT_SANDBOXING = YES;
				GCC_C_LANGUAGE_STANDARD = gnu17;
				GCC_DYNAMIC_NO_PIC = NO;
				GCC_NO_COMMON_BLOCKS = YES;
				GCC_OPTIMIZATION_LEVEL = 0;
				GCC_PREPROCESSOR_DEFINITIONS = (
					"DEBUG=1",
					"$(inherited)",
				);
				GCC_WARN_64_TO_32_BIT_CONVERSION = YES;
				GCC_WARN_ABOUT_RETURN_TYPE = YES_ERROR;
				GCC_WARN_UNDECLARED_SELECTOR = YES;
				GCC_WARN_UNINITIALIZED_AUTOS = YES_AGGRESSIVE;
				GCC_WARN_UNUSED_FUNCTION = YES;
				GCC_WARN_UNUSED_VARIABLE = YES;
				LOCALIZATION_PREFERS_STRING_CATALOGS = YES;
				MACOSX_DEPLOYMENT_TARGET = 15.1;
				MTL_ENABLE_DEBUG_INFO = INCLUDE_SOURCE;
				MTL_FAST_MATH = YES;
				ONLY_ACTIVE_ARCH = YES;
				SDKROOT = macosx;
				SWIFT_ACTIVE_COMPILATION_CONDITIONS = "DEBUG $(inherited)";
				SWIFT_OPTIMIZATION_LEVEL = "-Onone";
			};
			name = Debug;
		};
		AD1397392CF2972B00497008 /* Release */ = {
			isa = XCBuildConfiguration;
			buildSettings = {
				ALWAYS_SEARCH_USER_PATHS = NO;
				ASSETCATALOG_COMPILER_GENERATE_SWIFT_ASSET_SYMBOL_EXTENSIONS = YES;
				CLANG_ANALYZER_NONNULL = YES;
				CLANG_ANALYZER_NUMBER_OBJECT_CONVERSION = YES_AGGRESSIVE;
				CLANG_CXX_LANGUAGE_STANDARD = "gnu++20";
				CLANG_ENABLE_MODULES = YES;
				CLANG_ENABLE_OBJC_ARC = YES;
				CLANG_ENABLE_OBJC_WEAK = YES;
				CLANG_WARN_BLOCK_CAPTURE_AUTORELEASING = YES;
				CLANG_WARN_BOOL_CONVERSION = YES;
				CLANG_WARN_COMMA = YES;
				CLANG_WARN_CONSTANT_CONVERSION = YES;
				CLANG_WARN_DEPRECATED_OBJC_IMPLEMENTATIONS = YES;
				CLANG_WARN_DIRECT_OBJC_ISA_USAGE = YES_ERROR;
				CLANG_WARN_DOCUMENTATION_COMMENTS = YES;
				CLANG_WARN_EMPTY_BODY = YES;
				CLANG_WARN_ENUM_CONVERSION = YES;
				CLANG_WARN_INFINITE_RECURSION = YES;
				CLANG_WARN_INT_CONVERSION = YES;
				CLANG_WARN_NON_LITERAL_NULL_CONVERSION = YES;
				CLANG_WARN_OBJC_IMPLICIT_RETAIN_SELF = YES;
				CLANG_WARN_OBJC_LITERAL_CONVERSION = YES;
				CLANG_WARN_OBJC_ROOT_CLASS = YES_ERROR;
				CLANG_WARN_QUOTED_INCLUDE_IN_FRAMEWORK_HEADER = YES;
				CLANG_WARN_RANGE_LOOP_ANALYSIS = YES;
				CLANG_WARN_STRICT_PROTOTYPES = YES;
				CLANG_WARN_SUSPICIOUS_MOVE = YES;
				CLANG_WARN_UNGUARDED_AVAILABILITY = YES_AGGRESSIVE;
				CLANG_WARN_UNREACHABLE_CODE = YES;
				CLANG_WARN__DUPLICATE_METHOD_MATCH = YES;
				COPY_PHASE_STRIP = NO;
				DEBUG_INFORMATION_FORMAT = "dwarf-with-dsym";
				ENABLE_NS_ASSERTIONS = NO;
				ENABLE_STRICT_OBJC_MSGSEND = YES;
				ENABLE_USER_SCRIPT_SANDBOXING = YES;
				GCC_C_LANGUAGE_STANDARD = gnu17;
				GCC_NO_COMMON_BLOCKS = YES;
				GCC_WARN_64_TO_32_BIT_CONVERSION = YES;
				GCC_WARN_ABOUT_RETURN_TYPE = YES_ERROR;
				GCC_WARN_UNDECLARED_SELECTOR = YES;
				GCC_WARN_UNINITIALIZED_AUTOS = YES_AGGRESSIVE;
				GCC_WARN_UNUSED_FUNCTION = YES;
				GCC_WARN_UNUSED_VARIABLE = YES;
				LOCALIZATION_PREFERS_STRING_CATALOGS = YES;
				MACOSX_DEPLOYMENT_TARGET = 15.1;
				MTL_ENABLE_DEBUG_INFO = NO;
				MTL_FAST_MATH = YES;
				SDKROOT = macosx;
				SWIFT_COMPILATION_MODE = wholemodule;
			};
			name = Release;
		};
		AD13973B2CF2972B00497008 /* Debug */ = {
			isa = XCBuildConfiguration;
			buildSettings = {
				ASSETCATALOG_COMPILER_APPICON_NAME = AppIcon;
				ASSETCATALOG_COMPILER_GLOBAL_ACCENT_COLOR_NAME = AccentColor;
				CODE_SIGN_ENTITLEMENTS = TestingTools/TestingTools.entitlements;
				CODE_SIGN_IDENTITY = "Apple Development";
				CODE_SIGN_STYLE = Automatic;
				COMBINE_HIDPI_IMAGES = YES;
				CURRENT_PROJECT_VERSION = 1;
				DEVELOPMENT_ASSET_PATHS = "\"TestingTools/Preview Content\"";
				DEVELOPMENT_TEAM = ZME7ED67F3;
				ENABLE_HARDENED_RUNTIME = YES;
				ENABLE_PREVIEWS = YES;
				GENERATE_INFOPLIST_FILE = YES;
				INFOPLIST_FILE = TestingTools/Info.plist;
				INFOPLIST_KEY_LSApplicationCategoryType = "public.app-category.developer-tools";
				INFOPLIST_KEY_NSHumanReadableCopyright = "";
				LD_RUNPATH_SEARCH_PATHS = (
					"$(inherited)",
					"@executable_path/../Frameworks",
				);
				MACOSX_DEPLOYMENT_TARGET = 14.6;
				MARKETING_VERSION = 0.1;
				PRODUCT_BUNDLE_IDENTIFIER = com.andybrown.TestingTools;
				PRODUCT_NAME = "$(TARGET_NAME)";
				PROVISIONING_PROFILE_SPECIFIER = "";
				SWIFT_EMIT_LOC_STRINGS = YES;
				SWIFT_VERSION = 5.0;
			};
			name = Debug;
		};
		AD13973C2CF2972B00497008 /* Release */ = {
			isa = XCBuildConfiguration;
			buildSettings = {
				ASSETCATALOG_COMPILER_APPICON_NAME = AppIcon;
				ASSETCATALOG_COMPILER_GLOBAL_ACCENT_COLOR_NAME = AccentColor;
				CODE_SIGN_ENTITLEMENTS = TestingTools/TestingTools.entitlements;
				CODE_SIGN_IDENTITY = "Apple Development";
				"CODE_SIGN_IDENTITY[sdk=macosx*]" = "Apple Development";
				CODE_SIGN_STYLE = Automatic;
				COMBINE_HIDPI_IMAGES = YES;
				CURRENT_PROJECT_VERSION = 1;
				DEVELOPMENT_ASSET_PATHS = "\"TestingTools/Preview Content\"";
				DEVELOPMENT_TEAM = ZME7ED67F3;
				ENABLE_HARDENED_RUNTIME = YES;
				ENABLE_PREVIEWS = YES;
				GENERATE_INFOPLIST_FILE = YES;
				INFOPLIST_FILE = TestingTools/Info.plist;
				INFOPLIST_KEY_LSApplicationCategoryType = "public.app-category.developer-tools";
				INFOPLIST_KEY_NSHumanReadableCopyright = "";
				LD_RUNPATH_SEARCH_PATHS = (
					"$(inherited)",
					"@executable_path/../Frameworks",
				);
				MACOSX_DEPLOYMENT_TARGET = 14.6;
				MARKETING_VERSION = 0.1;
				PRODUCT_BUNDLE_IDENTIFIER = com.andybrown.TestingTools;
				PRODUCT_NAME = "$(TARGET_NAME)";
				PROVISIONING_PROFILE_SPECIFIER = "";
				SWIFT_EMIT_LOC_STRINGS = YES;
				SWIFT_VERSION = 5.0;
			};
			name = Release;
		};
		AD1397532CF297AA00497008 /* Debug */ = {
			isa = XCBuildConfiguration;
			buildSettings = {
				CODE_SIGN_ENTITLEMENTS = TestingToolsExtension/TestingToolsExtension.entitlements;
				CODE_SIGN_STYLE = Automatic;
				COMBINE_HIDPI_IMAGES = YES;
				CURRENT_PROJECT_VERSION = 1;
				DEVELOPMENT_TEAM = ZME7ED67F3;
				ENABLE_HARDENED_RUNTIME = YES;
				GENERATE_INFOPLIST_FILE = YES;
				INFOPLIST_FILE = TestingToolsExtension/Info.plist;
				INFOPLIST_KEY_CFBundleDisplayName = "Testing Tools";
				INFOPLIST_KEY_NSHumanReadableCopyright = "";
				LD_RUNPATH_SEARCH_PATHS = (
					"$(inherited)",
					"@executable_path/../Frameworks",
					"@executable_path/../../../../Frameworks",
				);
				MACOSX_DEPLOYMENT_TARGET = 14.6;
				MARKETING_VERSION = 0.1;
				PRODUCT_BUNDLE_IDENTIFIER = com.andybrown.TestingTools.TestingToolsExtension;
				PRODUCT_NAME = "$(TARGET_NAME)";
				SKIP_INSTALL = YES;
				SWIFT_EMIT_LOC_STRINGS = YES;
				SWIFT_VERSION = 5.0;
			};
			name = Debug;
		};
		AD1397542CF297AA00497008 /* Release */ = {
			isa = XCBuildConfiguration;
			buildSettings = {
				CODE_SIGN_ENTITLEMENTS = TestingToolsExtension/TestingToolsExtension.entitlements;
				CODE_SIGN_IDENTITY = "Apple Development";
				CODE_SIGN_STYLE = Automatic;
				COMBINE_HIDPI_IMAGES = YES;
				CURRENT_PROJECT_VERSION = 1;
				DEVELOPMENT_TEAM = ZME7ED67F3;
				ENABLE_HARDENED_RUNTIME = YES;
				GENERATE_INFOPLIST_FILE = YES;
				INFOPLIST_FILE = TestingToolsExtension/Info.plist;
				INFOPLIST_KEY_CFBundleDisplayName = "Testing Tools";
				INFOPLIST_KEY_NSHumanReadableCopyright = "";
				LD_RUNPATH_SEARCH_PATHS = (
					"$(inherited)",
					"@executable_path/../Frameworks",
					"@executable_path/../../../../Frameworks",
				);
				MACOSX_DEPLOYMENT_TARGET = 14.6;
				MARKETING_VERSION = 0.1;
				PRODUCT_BUNDLE_IDENTIFIER = com.andybrown.TestingTools.TestingToolsExtension;
				PRODUCT_NAME = "$(TARGET_NAME)";
				PROVISIONING_PROFILE_SPECIFIER = "";
				SKIP_INSTALL = YES;
				SWIFT_EMIT_LOC_STRINGS = YES;
				SWIFT_VERSION = 5.0;
			};
			name = Release;
		};
		ADA80ACA2CF317FD005FE717 /* Debug */ = {
			isa = XCBuildConfiguration;
			buildSettings = {
				BUNDLE_LOADER = "$(TEST_HOST)";
				CODE_SIGN_STYLE = Automatic;
				CURRENT_PROJECT_VERSION = 1;
				DEVELOPMENT_TEAM = ZME7ED67F3;
				FRAMEWORK_SEARCH_PATHS = /Applications/Xcode.app/Contents/Developer/Library/Frameworks;
				GENERATE_INFOPLIST_FILE = YES;
				LD_RUNPATH_SEARCH_PATHS = /Applications/Xcode.app/Contents/Developer/Library/Frameworks;
				MACOSX_DEPLOYMENT_TARGET = 14.6;
				MARKETING_VERSION = 1.0;
				PRODUCT_BUNDLE_IDENTIFIER = com.andybrown.TestingToolsTests;
				PRODUCT_NAME = "$(TARGET_NAME)";
				SWIFT_EMIT_LOC_STRINGS = NO;
				SWIFT_VERSION = 5.0;
				TEST_HOST = "$(BUILT_PRODUCTS_DIR)/Testing Tools.app/$(BUNDLE_EXECUTABLE_FOLDER_PATH)/Testing Tools";
			};
			name = Debug;
		};
		ADA80ACB2CF317FD005FE717 /* Release */ = {
			isa = XCBuildConfiguration;
			buildSettings = {
				BUNDLE_LOADER = "$(TEST_HOST)";
				CODE_SIGN_STYLE = Automatic;
				CURRENT_PROJECT_VERSION = 1;
				DEVELOPMENT_TEAM = ZME7ED67F3;
				FRAMEWORK_SEARCH_PATHS = /Applications/Xcode.app/Contents/Developer/Library/Frameworks;
				GENERATE_INFOPLIST_FILE = YES;
				LD_RUNPATH_SEARCH_PATHS = /Applications/Xcode.app/Contents/Developer/Library/Frameworks;
				MACOSX_DEPLOYMENT_TARGET = 14.6;
				MARKETING_VERSION = 1.0;
				PRODUCT_BUNDLE_IDENTIFIER = com.andybrown.TestingToolsTests;
				PRODUCT_NAME = "$(TARGET_NAME)";
				SWIFT_EMIT_LOC_STRINGS = NO;
				SWIFT_VERSION = 5.0;
				TEST_HOST = "$(BUILT_PRODUCTS_DIR)/Testing Tools.app/$(BUNDLE_EXECUTABLE_FOLDER_PATH)/Testing Tools";
			};
			name = Release;
		};
/* End XCBuildConfiguration section */

/* Begin XCConfigurationList section */
		AD1397262CF2972900497008 /* Build configuration list for PBXProject "TestingTools" */ = {
			isa = XCConfigurationList;
			buildConfigurations = (
				AD1397382CF2972B00497008 /* Debug */,
				AD1397392CF2972B00497008 /* Release */,
			);
			defaultConfigurationIsVisible = 0;
			defaultConfigurationName = Release;
		};
		AD13973A2CF2972B00497008 /* Build configuration list for PBXNativeTarget "Testing Tools" */ = {
			isa = XCConfigurationList;
			buildConfigurations = (
				AD13973B2CF2972B00497008 /* Debug */,
				AD13973C2CF2972B00497008 /* Release */,
			);
			defaultConfigurationIsVisible = 0;
			defaultConfigurationName = Release;
		};
		AD1397522CF297AA00497008 /* Build configuration list for PBXNativeTarget "Testing Tools Extension" */ = {
			isa = XCConfigurationList;
			buildConfigurations = (
				AD1397532CF297AA00497008 /* Debug */,
				AD1397542CF297AA00497008 /* Release */,
			);
			defaultConfigurationIsVisible = 0;
			defaultConfigurationName = Release;
		};
		ADA80ACC2CF317FD005FE717 /* Build configuration list for PBXNativeTarget "Testing Tools Tests" */ = {
			isa = XCConfigurationList;
			buildConfigurations = (
				ADA80ACA2CF317FD005FE717 /* Debug */,
				ADA80ACB2CF317FD005FE717 /* Release */,
			);
			defaultConfigurationIsVisible = 0;
			defaultConfigurationName = Release;
		};
/* End XCConfigurationList section */
	};
	rootObject = AD1397232CF2972900497008 /* Project object */;
}
