// !$*UTF8*$!
{
	archiveVersion = 1;
	classes = {
	};
	objectVersion = 77;
	objects = {

/* Begin PBXBuildFile section */
		AD07E3D82CF849FF00D4C42C /* XcodeKit.framework in Frameworks */ = {isa = PBXBuildFile; fileRef = AD1397452CF297AA00497008 /* XcodeKit.framework */; };
		AD1397442CF297AA00497008 /* Cocoa.framework in Frameworks */ = {isa = PBXBuildFile; fileRef = AD1397432CF297AA00497008 /* Cocoa.framework */; };
		AD1397502CF297AA00497008 /* Testing Tools.appex in Embed Foundation Extensions */ = {isa = PBXBuildFile; fileRef = AD1397412CF297AA00497008 /* Testing Tools.appex */; settings = {ATTRIBUTES = (RemoveHeadersOnCopy, ); }; };
		AD1397562CF297C800497008 /* XcodeKit.framework in Frameworks */ = {isa = PBXBuildFile; fileRef = AD1397452CF297AA00497008 /* XcodeKit.framework */; };
		AD1397572CF297C800497008 /* XcodeKit.framework in Embed Frameworks */ = {isa = PBXBuildFile; fileRef = AD1397452CF297AA00497008 /* XcodeKit.framework */; settings = {ATTRIBUTES = (CodeSignOnCopy, RemoveHeadersOnCopy, ); }; };
		AD564E302D2CFBB500A9CBEF /* Preview Assets.xcassets in Resources */ = {isa = PBXBuildFile; fileRef = AD564E282D2CFBB500A9CBEF /* Preview Assets.xcassets */; };
		AD564E312D2CFBB500A9CBEF /* Assets.xcassets in Resources */ = {isa = PBXBuildFile; fileRef = AD564E2A2D2CFBB500A9CBEF /* Assets.xcassets */; };
		AD564E332D2CFBB500A9CBEF /* ContentView.swift in Sources */ = {isa = PBXBuildFile; fileRef = AD564E2B2D2CFBB500A9CBEF /* ContentView.swift */; };
		AD564E342D2CFBB500A9CBEF /* TestingToolsApp.swift in Sources */ = {isa = PBXBuildFile; fileRef = AD564E2E2D2CFBB500A9CBEF /* TestingToolsApp.swift */; };
		AD564E472D2CFBBF00A9CBEF /* AddProgressMarker.swift in Sources */ = {isa = PBXBuildFile; fileRef = AD564E352D2CFBBF00A9CBEF /* AddProgressMarker.swift */; };
		AD564E492D2CFBBF00A9CBEF /* CreateObject.swift in Sources */ = {isa = PBXBuildFile; fileRef = AD564E372D2CFBBF00A9CBEF /* CreateObject.swift */; };
		AD564E4B2D2CFBBF00A9CBEF /* CreateProperty.swift in Sources */ = {isa = PBXBuildFile; fileRef = AD564E392D2CFBBF00A9CBEF /* CreateProperty.swift */; };
		AD564E4D2D2CFBBF00A9CBEF /* CommandActionHandler.swift in Sources */ = {isa = PBXBuildFile; fileRef = AD564E3C2D2CFBBF00A9CBEF /* CommandActionHandler.swift */; };
		AD564E4E2D2CFBBF00A9CBEF /* Array+SafeAccess.swift in Sources */ = {isa = PBXBuildFile; fileRef = AD564E3E2D2CFBBF00A9CBEF /* Array+SafeAccess.swift */; };
		AD564E4F2D2CFBBF00A9CBEF /* SourceEditorCommand.swift in Sources */ = {isa = PBXBuildFile; fileRef = AD564E412D2CFBBF00A9CBEF /* SourceEditorCommand.swift */; };
		AD564E502D2CFBBF00A9CBEF /* SourceEditorExtension.swift in Sources */ = {isa = PBXBuildFile; fileRef = AD564E422D2CFBBF00A9CBEF /* SourceEditorExtension.swift */; };
		AD564E512D2CFBBF00A9CBEF /* TestingToolsError.swift in Sources */ = {isa = PBXBuildFile; fileRef = AD564E432D2CFBBF00A9CBEF /* TestingToolsError.swift */; };
		AD564E522D2CFBBF00A9CBEF /* CreateObjectTests.swift in Sources */ = {isa = PBXBuildFile; fileRef = AD564E382D2CFBBF00A9CBEF /* CreateObjectTests.swift */; };
		AD564E532D2CFBBF00A9CBEF /* CreateProperty.swift in Sources */ = {isa = PBXBuildFile; fileRef = AD564E392D2CFBBF00A9CBEF /* CreateProperty.swift */; };
		AD564E542D2CFBBF00A9CBEF /* AddProgressMarkerTests.swift in Sources */ = {isa = PBXBuildFile; fileRef = AD564E362D2CFBBF00A9CBEF /* AddProgressMarkerTests.swift */; };
		AD564E552D2CFBBF00A9CBEF /* CreateObject.swift in Sources */ = {isa = PBXBuildFile; fileRef = AD564E372D2CFBBF00A9CBEF /* CreateObject.swift */; };
		AD564E562D2CFBBF00A9CBEF /* CommandActionHandler.swift in Sources */ = {isa = PBXBuildFile; fileRef = AD564E3C2D2CFBBF00A9CBEF /* CommandActionHandler.swift */; };
		AD564E572D2CFBBF00A9CBEF /* SourceEditorCommand.swift in Sources */ = {isa = PBXBuildFile; fileRef = AD564E412D2CFBBF00A9CBEF /* SourceEditorCommand.swift */; };
		AD564E582D2CFBBF00A9CBEF /* Array+SafeAccess.swift in Sources */ = {isa = PBXBuildFile; fileRef = AD564E3E2D2CFBBF00A9CBEF /* Array+SafeAccess.swift */; };
		AD564E592D2CFBBF00A9CBEF /* TestingToolsError.swift in Sources */ = {isa = PBXBuildFile; fileRef = AD564E432D2CFBBF00A9CBEF /* TestingToolsError.swift */; };
		AD564E5A2D2CFBBF00A9CBEF /* AddProgressMarker.swift in Sources */ = {isa = PBXBuildFile; fileRef = AD564E352D2CFBBF00A9CBEF /* AddProgressMarker.swift */; };
		AD564E5B2D2CFBBF00A9CBEF /* CreatePropertyTests.swift in Sources */ = {isa = PBXBuildFile; fileRef = AD564E3A2D2CFBBF00A9CBEF /* CreatePropertyTests.swift */; };
		AD564E5E2D2CFBD000A9CBEF /* TestHelperTests.swift in Sources */ = {isa = PBXBuildFile; fileRef = AD564E5C2D2CFBD000A9CBEF /* TestHelperTests.swift */; };
		AD564E612D2CFD2000A9CBEF /* CreateGlobalPropertyTests.swift in Sources */ = {isa = PBXBuildFile; fileRef = AD564E5F2D2CFD2000A9CBEF /* CreateGlobalPropertyTests.swift */; };
/* End PBXBuildFile section */

/* Begin PBXContainerItemProxy section */
		AD13974E2CF297AA00497008 /* PBXContainerItemProxy */ = {
			isa = PBXContainerItemProxy;
			containerPortal = AD1397232CF2972900497008 /* Project object */;
			proxyType = 1;
			remoteGlobalIDString = AD1397402CF297AA00497008;
			remoteInfo = TestingToolsExtension;
		};
		ADA80AC82CF317FD005FE717 /* PBXContainerItemProxy */ = {
			isa = PBXContainerItemProxy;
			containerPortal = AD1397232CF2972900497008 /* Project object */;
			proxyType = 1;
			remoteGlobalIDString = AD13972A2CF2972900497008;
			remoteInfo = TestingTools;
		};
/* End PBXContainerItemProxy section */

/* Begin PBXCopyFilesBuildPhase section */
		AD1397552CF297AA00497008 /* Embed Foundation Extensions */ = {
			isa = PBXCopyFilesBuildPhase;
			buildActionMask = 2147483647;
			dstPath = "";
			dstSubfolderSpec = 13;
			files = (
				AD1397502CF297AA00497008 /* Testing Tools.appex in Embed Foundation Extensions */,
			);
			name = "Embed Foundation Extensions";
			runOnlyForDeploymentPostprocessing = 0;
		};
		AD1397582CF297C800497008 /* Embed Frameworks */ = {
			isa = PBXCopyFilesBuildPhase;
			buildActionMask = 2147483647;
			dstPath = "";
			dstSubfolderSpec = 10;
			files = (
				AD1397572CF297C800497008 /* XcodeKit.framework in Embed Frameworks */,
			);
			name = "Embed Frameworks";
			runOnlyForDeploymentPostprocessing = 0;
		};
/* End PBXCopyFilesBuildPhase section */

/* Begin PBXFileReference section */
		AD13972B2CF2972900497008 /* TestingTools.app */ = {isa = PBXFileReference; explicitFileType = wrapper.application; includeInIndex = 0; path = TestingTools.app; sourceTree = BUILT_PRODUCTS_DIR; };
		AD1397412CF297AA00497008 /* Testing Tools.appex */ = {isa = PBXFileReference; explicitFileType = "wrapper.app-extension"; includeInIndex = 0; path = "Testing Tools.appex"; sourceTree = BUILT_PRODUCTS_DIR; };
		AD1397432CF297AA00497008 /* Cocoa.framework */ = {isa = PBXFileReference; lastKnownFileType = wrapper.framework; name = Cocoa.framework; path = System/Library/Frameworks/Cocoa.framework; sourceTree = SDKROOT; };
		AD1397452CF297AA00497008 /* XcodeKit.framework */ = {isa = PBXFileReference; lastKnownFileType = wrapper.framework; name = XcodeKit.framework; path = Library/Frameworks/XcodeKit.framework; sourceTree = DEVELOPER_DIR; };
		AD564E282D2CFBB500A9CBEF /* Preview Assets.xcassets */ = {isa = PBXFileReference; lastKnownFileType = folder.assetcatalog; path = "Preview Assets.xcassets"; sourceTree = "<group>"; };
		AD564E2A2D2CFBB500A9CBEF /* Assets.xcassets */ = {isa = PBXFileReference; lastKnownFileType = folder.assetcatalog; path = Assets.xcassets; sourceTree = "<group>"; };
		AD564E2B2D2CFBB500A9CBEF /* ContentView.swift */ = {isa = PBXFileReference; lastKnownFileType = sourcecode.swift; path = ContentView.swift; sourceTree = "<group>"; };
		AD564E2C2D2CFBB500A9CBEF /* Info.plist */ = {isa = PBXFileReference; lastKnownFileType = text.plist.xml; path = Info.plist; sourceTree = "<group>"; };
		AD564E2D2D2CFBB500A9CBEF /* TestingTools.entitlements */ = {isa = PBXFileReference; lastKnownFileType = text.plist.entitlements; path = TestingTools.entitlements; sourceTree = "<group>"; };
		AD564E2E2D2CFBB500A9CBEF /* TestingToolsApp.swift */ = {isa = PBXFileReference; lastKnownFileType = sourcecode.swift; path = TestingToolsApp.swift; sourceTree = "<group>"; };
		AD564E352D2CFBBF00A9CBEF /* AddProgressMarker.swift */ = {isa = PBXFileReference; lastKnownFileType = sourcecode.swift; path = AddProgressMarker.swift; sourceTree = "<group>"; };
		AD564E362D2CFBBF00A9CBEF /* AddProgressMarkerTests.swift */ = {isa = PBXFileReference; lastKnownFileType = sourcecode.swift; path = AddProgressMarkerTests.swift; sourceTree = "<group>"; };
		AD564E372D2CFBBF00A9CBEF /* CreateObject.swift */ = {isa = PBXFileReference; lastKnownFileType = sourcecode.swift; path = CreateObject.swift; sourceTree = "<group>"; };
		AD564E382D2CFBBF00A9CBEF /* CreateObjectTests.swift */ = {isa = PBXFileReference; lastKnownFileType = sourcecode.swift; path = CreateObjectTests.swift; sourceTree = "<group>"; };
		AD564E392D2CFBBF00A9CBEF /* CreateProperty.swift */ = {isa = PBXFileReference; lastKnownFileType = sourcecode.swift; path = CreateProperty.swift; sourceTree = "<group>"; };
		AD564E3A2D2CFBBF00A9CBEF /* CreatePropertyTests.swift */ = {isa = PBXFileReference; lastKnownFileType = sourcecode.swift; path = CreatePropertyTests.swift; sourceTree = "<group>"; };
		AD564E3C2D2CFBBF00A9CBEF /* CommandActionHandler.swift */ = {isa = PBXFileReference; lastKnownFileType = sourcecode.swift; path = CommandActionHandler.swift; sourceTree = "<group>"; };
		AD564E3E2D2CFBBF00A9CBEF /* Array+SafeAccess.swift */ = {isa = PBXFileReference; lastKnownFileType = sourcecode.swift; path = "Array+SafeAccess.swift"; sourceTree = "<group>"; };
		AD564E402D2CFBBF00A9CBEF /* Info.plist */ = {isa = PBXFileReference; lastKnownFileType = text.plist.xml; path = Info.plist; sourceTree = "<group>"; };
		AD564E412D2CFBBF00A9CBEF /* SourceEditorCommand.swift */ = {isa = PBXFileReference; lastKnownFileType = sourcecode.swift; path = SourceEditorCommand.swift; sourceTree = "<group>"; };
		AD564E422D2CFBBF00A9CBEF /* SourceEditorExtension.swift */ = {isa = PBXFileReference; lastKnownFileType = sourcecode.swift; path = SourceEditorExtension.swift; sourceTree = "<group>"; };
		AD564E432D2CFBBF00A9CBEF /* TestingToolsError.swift */ = {isa = PBXFileReference; lastKnownFileType = sourcecode.swift; path = TestingToolsError.swift; sourceTree = "<group>"; };
		AD564E442D2CFBBF00A9CBEF /* TestingToolsExtension.entitlements */ = {isa = PBXFileReference; lastKnownFileType = text.plist.entitlements; path = TestingToolsExtension.entitlements; sourceTree = "<group>"; };
		AD564E5C2D2CFBD000A9CBEF /* TestHelperTests.swift */ = {isa = PBXFileReference; lastKnownFileType = sourcecode.swift; path = TestHelperTests.swift; sourceTree = "<group>"; };
		AD564E5F2D2CFD2000A9CBEF /* CreateGlobalPropertyTests.swift */ = {isa = PBXFileReference; lastKnownFileType = sourcecode.swift; path = CreateGlobalPropertyTests.swift; sourceTree = "<group>"; };
		ADA80AC42CF317FD005FE717 /* Testing Tools Tests.xctest */ = {isa = PBXFileReference; explicitFileType = wrapper.cfbundle; includeInIndex = 0; path = "Testing Tools Tests.xctest"; sourceTree = BUILT_PRODUCTS_DIR; };
/* End PBXFileReference section */

/* Begin PBXFrameworksBuildPhase section */
		AD1397282CF2972900497008 /* Frameworks */ = {
			isa = PBXFrameworksBuildPhase;
			buildActionMask = 2147483647;
			files = (
			);
			runOnlyForDeploymentPostprocessing = 0;
		};
		AD13973E2CF297AA00497008 /* Frameworks */ = {
			isa = PBXFrameworksBuildPhase;
			buildActionMask = 2147483647;
			files = (
				AD1397442CF297AA00497008 /* Cocoa.framework in Frameworks */,
				AD1397562CF297C800497008 /* XcodeKit.framework in Frameworks */,
			);
			runOnlyForDeploymentPostprocessing = 0;
		};
		ADA80AC12CF317FD005FE717 /* Frameworks */ = {
			isa = PBXFrameworksBuildPhase;
			buildActionMask = 2147483647;
			files = (
				AD07E3D82CF849FF00D4C42C /* XcodeKit.framework in Frameworks */,
			);
			runOnlyForDeploymentPostprocessing = 0;
		};
/* End PBXFrameworksBuildPhase section */

/* Begin PBXGroup section */
		AD1397222CF2972900497008 = {
			isa = PBXGroup;
			children = (
				AD564E2F2D2CFBB500A9CBEF /* TestingTools */,
				AD564E452D2CFBBF00A9CBEF /* TestingToolsExtension */,
				AD564E5D2D2CFBD000A9CBEF /* TestingToolsTests */,
				AD1397422CF297AA00497008 /* Frameworks */,
				AD13972C2CF2972900497008 /* Products */,
			);
			sourceTree = "<group>";
		};
		AD13972C2CF2972900497008 /* Products */ = {
			isa = PBXGroup;
			children = (
				AD13972B2CF2972900497008 /* TestingTools.app */,
				AD1397412CF297AA00497008 /* Testing Tools.appex */,
				ADA80AC42CF317FD005FE717 /* Testing Tools Tests.xctest */,
			);
			name = Products;
			sourceTree = "<group>";
		};
		AD1397422CF297AA00497008 /* Frameworks */ = {
			isa = PBXGroup;
			children = (
				AD1397432CF297AA00497008 /* Cocoa.framework */,
				AD1397452CF297AA00497008 /* XcodeKit.framework */,
			);
			name = Frameworks;
			sourceTree = "<group>";
		};
		AD564E292D2CFBB500A9CBEF /* Preview Content */ = {
			isa = PBXGroup;
			children = (
				AD564E282D2CFBB500A9CBEF /* Preview Assets.xcassets */,
			);
			path = "Preview Content";
			sourceTree = "<group>";
		};
		AD564E2F2D2CFBB500A9CBEF /* TestingTools */ = {
			isa = PBXGroup;
			children = (
				AD564E292D2CFBB500A9CBEF /* Preview Content */,
				AD564E2A2D2CFBB500A9CBEF /* Assets.xcassets */,
				AD564E2B2D2CFBB500A9CBEF /* ContentView.swift */,
				AD564E2C2D2CFBB500A9CBEF /* Info.plist */,
				AD564E2D2D2CFBB500A9CBEF /* TestingTools.entitlements */,
				AD564E2E2D2CFBB500A9CBEF /* TestingToolsApp.swift */,
			);
			path = TestingTools;
			sourceTree = "<group>";
		};
		AD564E3B2D2CFBBF00A9CBEF /* Actions */ = {
			isa = PBXGroup;
			children = (
				AD564E352D2CFBBF00A9CBEF /* AddProgressMarker.swift */,
				AD564E362D2CFBBF00A9CBEF /* AddProgressMarkerTests.swift */,
				AD564E372D2CFBBF00A9CBEF /* CreateObject.swift */,
				AD564E382D2CFBBF00A9CBEF /* CreateObjectTests.swift */,
				AD564E392D2CFBBF00A9CBEF /* CreateProperty.swift */,
				AD564E5F2D2CFD2000A9CBEF /* CreateGlobalPropertyTests.swift */,
				AD564E3A2D2CFBBF00A9CBEF /* CreatePropertyTests.swift */,
			);
			path = Actions;
			sourceTree = "<group>";
		};
		AD564E3D2D2CFBBF00A9CBEF /* Action Handler */ = {
			isa = PBXGroup;
			children = (
				AD564E3C2D2CFBBF00A9CBEF /* CommandActionHandler.swift */,
				AD564E3B2D2CFBBF00A9CBEF /* Actions */,
			);
			path = "Action Handler";
			sourceTree = "<group>";
		};
		AD564E3F2D2CFBBF00A9CBEF /* Extensions */ = {
			isa = PBXGroup;
			children = (
				AD564E3E2D2CFBBF00A9CBEF /* Array+SafeAccess.swift */,
			);
			path = Extensions;
			sourceTree = "<group>";
		};
		AD564E452D2CFBBF00A9CBEF /* TestingToolsExtension */ = {
			isa = PBXGroup;
			children = (
				AD564E3D2D2CFBBF00A9CBEF /* Action Handler */,
				AD564E3F2D2CFBBF00A9CBEF /* Extensions */,
				AD564E402D2CFBBF00A9CBEF /* Info.plist */,
				AD564E412D2CFBBF00A9CBEF /* SourceEditorCommand.swift */,
				AD564E422D2CFBBF00A9CBEF /* SourceEditorExtension.swift */,
				AD564E432D2CFBBF00A9CBEF /* TestingToolsError.swift */,
				AD564E442D2CFBBF00A9CBEF /* TestingToolsExtension.entitlements */,
			);
			path = TestingToolsExtension;
			sourceTree = "<group>";
		};
		AD564E5D2D2CFBD000A9CBEF /* TestingToolsTests */ = {
			isa = PBXGroup;
			children = (
				AD564E5C2D2CFBD000A9CBEF /* TestHelperTests.swift */,
			);
			path = TestingToolsTests;
			sourceTree = "<group>";
		};
/* End PBXGroup section */

/* Begin PBXNativeTarget section */
		AD13972A2CF2972900497008 /* Testing Tools Host */ = {
			isa = PBXNativeTarget;
			buildConfigurationList = AD13973A2CF2972B00497008 /* Build configuration list for PBXNativeTarget "Testing Tools Host" */;
			buildPhases = (
				AD1397272CF2972900497008 /* Sources */,
				AD1397282CF2972900497008 /* Frameworks */,
				AD1397292CF2972900497008 /* Resources */,
				AD1397552CF297AA00497008 /* Embed Foundation Extensions */,
			);
			buildRules = (
			);
			dependencies = (
				AD13974F2CF297AA00497008 /* PBXTargetDependency */,
			);
			name = "Testing Tools Host";
			packageProductDependencies = (
			);
			productName = TestingTools;
			productReference = AD13972B2CF2972900497008 /* TestingTools.app */;
			productType = "com.apple.product-type.application";
		};
		AD1397402CF297AA00497008 /* Testing Tools Extension */ = {
			isa = PBXNativeTarget;
			buildConfigurationList = AD1397522CF297AA00497008 /* Build configuration list for PBXNativeTarget "Testing Tools Extension" */;
			buildPhases = (
				AD13973D2CF297AA00497008 /* Sources */,
				AD13973E2CF297AA00497008 /* Frameworks */,
				AD13973F2CF297AA00497008 /* Resources */,
				AD1397582CF297C800497008 /* Embed Frameworks */,
			);
			buildRules = (
			);
			dependencies = (
			);
			name = "Testing Tools Extension";
			packageProductDependencies = (
			);
			productName = TestingToolsExtension;
			productReference = AD1397412CF297AA00497008 /* Testing Tools.appex */;
			productType = "com.apple.product-type.xcode-extension";
		};
		ADA80AC32CF317FD005FE717 /* Testing Tools Tests */ = {
			isa = PBXNativeTarget;
			buildConfigurationList = ADA80ACC2CF317FD005FE717 /* Build configuration list for PBXNativeTarget "Testing Tools Tests" */;
			buildPhases = (
				ADA80AC02CF317FD005FE717 /* Sources */,
				ADA80AC12CF317FD005FE717 /* Frameworks */,
				ADA80AC22CF317FD005FE717 /* Resources */,
			);
			buildRules = (
			);
			dependencies = (
				ADA80AC92CF317FD005FE717 /* PBXTargetDependency */,
			);
			name = "Testing Tools Tests";
			packageProductDependencies = (
			);
			productName = TestingToolsTests;
			productReference = ADA80AC42CF317FD005FE717 /* Testing Tools Tests.xctest */;
			productType = "com.apple.product-type.bundle.unit-test";
		};
/* End PBXNativeTarget section */

/* Begin PBXProject section */
		AD1397232CF2972900497008 /* Project object */ = {
			isa = PBXProject;
			attributes = {
				BuildIndependentTargetsInParallel = 1;
				LastSwiftUpdateCheck = 1610;
				LastUpgradeCheck = 1610;
				TargetAttributes = {
					AD13972A2CF2972900497008 = {
						CreatedOnToolsVersion = 16.1;
					};
					AD1397402CF297AA00497008 = {
						CreatedOnToolsVersion = 16.1;
					};
					ADA80AC32CF317FD005FE717 = {
						CreatedOnToolsVersion = 16.1;
						TestTargetID = AD13972A2CF2972900497008;
					};
				};
			};
			buildConfigurationList = AD1397262CF2972900497008 /* Build configuration list for PBXProject "TestingTools" */;
			developmentRegion = en;
			hasScannedForEncodings = 0;
			knownRegions = (
				en,
				Base,
			);
			mainGroup = AD1397222CF2972900497008;
			minimizedProjectReferenceProxies = 1;
			preferredProjectObjectVersion = 77;
			productRefGroup = AD13972C2CF2972900497008 /* Products */;
			projectDirPath = "";
			projectRoot = "";
			targets = (
				AD13972A2CF2972900497008 /* Testing Tools Host */,
				AD1397402CF297AA00497008 /* Testing Tools Extension */,
				ADA80AC32CF317FD005FE717 /* Testing Tools Tests */,
			);
		};
/* End PBXProject section */

/* Begin PBXResourcesBuildPhase section */
		AD1397292CF2972900497008 /* Resources */ = {
			isa = PBXResourcesBuildPhase;
			buildActionMask = 2147483647;
			files = (
				AD564E302D2CFBB500A9CBEF /* Preview Assets.xcassets in Resources */,
				AD564E312D2CFBB500A9CBEF /* Assets.xcassets in Resources */,
			);
			runOnlyForDeploymentPostprocessing = 0;
		};
		AD13973F2CF297AA00497008 /* Resources */ = {
			isa = PBXResourcesBuildPhase;
			buildActionMask = 2147483647;
			files = (
			);
			runOnlyForDeploymentPostprocessing = 0;
		};
		ADA80AC22CF317FD005FE717 /* Resources */ = {
			isa = PBXResourcesBuildPhase;
			buildActionMask = 2147483647;
			files = (
			);
			runOnlyForDeploymentPostprocessing = 0;
		};
/* End PBXResourcesBuildPhase section */

/* Begin PBXSourcesBuildPhase section */
		AD1397272CF2972900497008 /* Sources */ = {
			isa = PBXSourcesBuildPhase;
			buildActionMask = 2147483647;
			files = (
				AD564E332D2CFBB500A9CBEF /* ContentView.swift in Sources */,
				AD564E342D2CFBB500A9CBEF /* TestingToolsApp.swift in Sources */,
			);
			runOnlyForDeploymentPostprocessing = 0;
		};
		AD13973D2CF297AA00497008 /* Sources */ = {
			isa = PBXSourcesBuildPhase;
			buildActionMask = 2147483647;
			files = (
				AD564E472D2CFBBF00A9CBEF /* AddProgressMarker.swift in Sources */,
				AD564E492D2CFBBF00A9CBEF /* CreateObject.swift in Sources */,
				AD564E4B2D2CFBBF00A9CBEF /* CreateProperty.swift in Sources */,
				AD564E4D2D2CFBBF00A9CBEF /* CommandActionHandler.swift in Sources */,
				AD564E4E2D2CFBBF00A9CBEF /* Array+SafeAccess.swift in Sources */,
				AD564E4F2D2CFBBF00A9CBEF /* SourceEditorCommand.swift in Sources */,
				AD564E502D2CFBBF00A9CBEF /* SourceEditorExtension.swift in Sources */,
				AD564E512D2CFBBF00A9CBEF /* TestingToolsError.swift in Sources */,
			);
			runOnlyForDeploymentPostprocessing = 0;
		};
		ADA80AC02CF317FD005FE717 /* Sources */ = {
			isa = PBXSourcesBuildPhase;
			buildActionMask = 2147483647;
			files = (
				AD564E522D2CFBBF00A9CBEF /* CreateObjectTests.swift in Sources */,
				AD564E532D2CFBBF00A9CBEF /* CreateProperty.swift in Sources */,
				AD564E542D2CFBBF00A9CBEF /* AddProgressMarkerTests.swift in Sources */,
				AD564E552D2CFBBF00A9CBEF /* CreateObject.swift in Sources */,
				AD564E562D2CFBBF00A9CBEF /* CommandActionHandler.swift in Sources */,
				AD564E572D2CFBBF00A9CBEF /* SourceEditorCommand.swift in Sources */,
				AD564E582D2CFBBF00A9CBEF /* Array+SafeAccess.swift in Sources */,
				AD564E592D2CFBBF00A9CBEF /* TestingToolsError.swift in Sources */,
				AD564E5E2D2CFBD000A9CBEF /* TestHelperTests.swift in Sources */,
				AD564E5A2D2CFBBF00A9CBEF /* AddProgressMarker.swift in Sources */,
				AD564E5B2D2CFBBF00A9CBEF /* CreatePropertyTests.swift in Sources */,
				AD564E612D2CFD2000A9CBEF /* CreateGlobalPropertyTests.swift in Sources */,
			);
			runOnlyForDeploymentPostprocessing = 0;
		};
/* End PBXSourcesBuildPhase section */

/* Begin PBXTargetDependency section */
		AD13974F2CF297AA00497008 /* PBXTargetDependency */ = {
			isa = PBXTargetDependency;
			target = AD1397402CF297AA00497008 /* Testing Tools Extension */;
			targetProxy = AD13974E2CF297AA00497008 /* PBXContainerItemProxy */;
		};
		ADA80AC92CF317FD005FE717 /* PBXTargetDependency */ = {
			isa = PBXTargetDependency;
			target = AD13972A2CF2972900497008 /* Testing Tools Host */;
			targetProxy = ADA80AC82CF317FD005FE717 /* PBXContainerItemProxy */;
		};
/* End PBXTargetDependency section */

/* Begin XCBuildConfiguration section */
		AD1397382CF2972B00497008 /* Debug */ = {
			isa = XCBuildConfiguration;
			buildSettings = {
				ALWAYS_SEARCH_USER_PATHS = NO;
				ASSETCATALOG_COMPILER_GENERATE_SWIFT_ASSET_SYMBOL_EXTENSIONS = YES;
				CLANG_ANALYZER_NONNULL = YES;
				CLANG_ANALYZER_NUMBER_OBJECT_CONVERSION = YES_AGGRESSIVE;
				CLANG_CXX_LANGUAGE_STANDARD = "gnu++20";
				CLANG_ENABLE_MODULES = YES;
				CLANG_ENABLE_OBJC_ARC = YES;
				CLANG_ENABLE_OBJC_WEAK = YES;
				CLANG_WARN_BLOCK_CAPTURE_AUTORELEASING = YES;
				CLANG_WARN_BOOL_CONVERSION = YES;
				CLANG_WARN_COMMA = YES;
				CLANG_WARN_CONSTANT_CONVERSION = YES;
				CLANG_WARN_DEPRECATED_OBJC_IMPLEMENTATIONS = YES;
				CLANG_WARN_DIRECT_OBJC_ISA_USAGE = YES_ERROR;
				CLANG_WARN_DOCUMENTATION_COMMENTS = YES;
				CLANG_WARN_EMPTY_BODY = YES;
				CLANG_WARN_ENUM_CONVERSION = YES;
				CLANG_WARN_INFINITE_RECURSION = YES;
				CLANG_WARN_INT_CONVERSION = YES;
				CLANG_WARN_NON_LITERAL_NULL_CONVERSION = YES;
				CLANG_WARN_OBJC_IMPLICIT_RETAIN_SELF = YES;
				CLANG_WARN_OBJC_LITERAL_CONVERSION = YES;
				CLANG_WARN_OBJC_ROOT_CLASS = YES_ERROR;
				CLANG_WARN_QUOTED_INCLUDE_IN_FRAMEWORK_HEADER = YES;
				CLANG_WARN_RANGE_LOOP_ANALYSIS = YES;
				CLANG_WARN_STRICT_PROTOTYPES = YES;
				CLANG_WARN_SUSPICIOUS_MOVE = YES;
				CLANG_WARN_UNGUARDED_AVAILABILITY = YES_AGGRESSIVE;
				CLANG_WARN_UNREACHABLE_CODE = YES;
				CLANG_WARN__DUPLICATE_METHOD_MATCH = YES;
				COPY_PHASE_STRIP = NO;
				DEBUG_INFORMATION_FORMAT = dwarf;
				ENABLE_STRICT_OBJC_MSGSEND = YES;
				ENABLE_TESTABILITY = YES;
				ENABLE_USER_SCRIPT_SANDBOXING = YES;
				GCC_C_LANGUAGE_STANDARD = gnu17;
				GCC_DYNAMIC_NO_PIC = NO;
				GCC_NO_COMMON_BLOCKS = YES;
				GCC_OPTIMIZATION_LEVEL = 0;
				GCC_PREPROCESSOR_DEFINITIONS = (
					"DEBUG=1",
					"$(inherited)",
				);
				GCC_WARN_64_TO_32_BIT_CONVERSION = YES;
				GCC_WARN_ABOUT_RETURN_TYPE = YES_ERROR;
				GCC_WARN_UNDECLARED_SELECTOR = YES;
				GCC_WARN_UNINITIALIZED_AUTOS = YES_AGGRESSIVE;
				GCC_WARN_UNUSED_FUNCTION = YES;
				GCC_WARN_UNUSED_VARIABLE = YES;
				LOCALIZATION_PREFERS_STRING_CATALOGS = YES;
				MACOSX_DEPLOYMENT_TARGET = 15.1;
				MTL_ENABLE_DEBUG_INFO = INCLUDE_SOURCE;
				MTL_FAST_MATH = YES;
				ONLY_ACTIVE_ARCH = YES;
				SDKROOT = macosx;
				SWIFT_ACTIVE_COMPILATION_CONDITIONS = "DEBUG $(inherited)";
				SWIFT_OPTIMIZATION_LEVEL = "-Onone";
			};
			name = Debug;
		};
		AD1397392CF2972B00497008 /* Release */ = {
			isa = XCBuildConfiguration;
			buildSettings = {
				ALWAYS_SEARCH_USER_PATHS = NO;
				ASSETCATALOG_COMPILER_GENERATE_SWIFT_ASSET_SYMBOL_EXTENSIONS = YES;
				CLANG_ANALYZER_NONNULL = YES;
				CLANG_ANALYZER_NUMBER_OBJECT_CONVERSION = YES_AGGRESSIVE;
				CLANG_CXX_LANGUAGE_STANDARD = "gnu++20";
				CLANG_ENABLE_MODULES = YES;
				CLANG_ENABLE_OBJC_ARC = YES;
				CLANG_ENABLE_OBJC_WEAK = YES;
				CLANG_WARN_BLOCK_CAPTURE_AUTORELEASING = YES;
				CLANG_WARN_BOOL_CONVERSION = YES;
				CLANG_WARN_COMMA = YES;
				CLANG_WARN_CONSTANT_CONVERSION = YES;
				CLANG_WARN_DEPRECATED_OBJC_IMPLEMENTATIONS = YES;
				CLANG_WARN_DIRECT_OBJC_ISA_USAGE = YES_ERROR;
				CLANG_WARN_DOCUMENTATION_COMMENTS = YES;
				CLANG_WARN_EMPTY_BODY = YES;
				CLANG_WARN_ENUM_CONVERSION = YES;
				CLANG_WARN_INFINITE_RECURSION = YES;
				CLANG_WARN_INT_CONVERSION = YES;
				CLANG_WARN_NON_LITERAL_NULL_CONVERSION = YES;
				CLANG_WARN_OBJC_IMPLICIT_RETAIN_SELF = YES;
				CLANG_WARN_OBJC_LITERAL_CONVERSION = YES;
				CLANG_WARN_OBJC_ROOT_CLASS = YES_ERROR;
				CLANG_WARN_QUOTED_INCLUDE_IN_FRAMEWORK_HEADER = YES;
				CLANG_WARN_RANGE_LOOP_ANALYSIS = YES;
				CLANG_WARN_STRICT_PROTOTYPES = YES;
				CLANG_WARN_SUSPICIOUS_MOVE = YES;
				CLANG_WARN_UNGUARDED_AVAILABILITY = YES_AGGRESSIVE;
				CLANG_WARN_UNREACHABLE_CODE = YES;
				CLANG_WARN__DUPLICATE_METHOD_MATCH = YES;
				COPY_PHASE_STRIP = NO;
				DEBUG_INFORMATION_FORMAT = "dwarf-with-dsym";
				ENABLE_NS_ASSERTIONS = NO;
				ENABLE_STRICT_OBJC_MSGSEND = YES;
				ENABLE_USER_SCRIPT_SANDBOXING = YES;
				GCC_C_LANGUAGE_STANDARD = gnu17;
				GCC_NO_COMMON_BLOCKS = YES;
				GCC_WARN_64_TO_32_BIT_CONVERSION = YES;
				GCC_WARN_ABOUT_RETURN_TYPE = YES_ERROR;
				GCC_WARN_UNDECLARED_SELECTOR = YES;
				GCC_WARN_UNINITIALIZED_AUTOS = YES_AGGRESSIVE;
				GCC_WARN_UNUSED_FUNCTION = YES;
				GCC_WARN_UNUSED_VARIABLE = YES;
				LOCALIZATION_PREFERS_STRING_CATALOGS = YES;
				MACOSX_DEPLOYMENT_TARGET = 15.1;
				MTL_ENABLE_DEBUG_INFO = NO;
				MTL_FAST_MATH = YES;
				SDKROOT = macosx;
				SWIFT_COMPILATION_MODE = wholemodule;
			};
			name = Release;
		};
		AD13973B2CF2972B00497008 /* Debug */ = {
			isa = XCBuildConfiguration;
			buildSettings = {
				ASSETCATALOG_COMPILER_APPICON_NAME = AppIcon;
				ASSETCATALOG_COMPILER_GLOBAL_ACCENT_COLOR_NAME = AccentColor;
				CODE_SIGN_ENTITLEMENTS = TestingTools/TestingTools.entitlements;
				CODE_SIGN_IDENTITY = "Apple Development";
				CODE_SIGN_STYLE = Automatic;
				COMBINE_HIDPI_IMAGES = YES;
				CURRENT_PROJECT_VERSION = 1;
				DEVELOPMENT_ASSET_PATHS = "\"TestingTools/Preview Content\"";
				DEVELOPMENT_TEAM = ZME7ED67F3;
				ENABLE_HARDENED_RUNTIME = YES;
				ENABLE_PREVIEWS = YES;
				GENERATE_INFOPLIST_FILE = YES;
				INFOPLIST_FILE = TestingTools/Info.plist;
				INFOPLIST_KEY_CFBundleDisplayName = "Testing Tools";
				INFOPLIST_KEY_LSApplicationCategoryType = "public.app-category.developer-tools";
				INFOPLIST_KEY_NSHumanReadableCopyright = "";
				LD_RUNPATH_SEARCH_PATHS = (
					"$(inherited)",
					"@executable_path/../Frameworks",
				);
				MACOSX_DEPLOYMENT_TARGET = 14.6;
				MARKETING_VERSION = 1.2;
				PRODUCT_BUNDLE_IDENTIFIER = com.andybrown.TestingTools;
				PRODUCT_NAME = TestingTools;
				PROVISIONING_PROFILE_SPECIFIER = "";
				SWIFT_EMIT_LOC_STRINGS = YES;
				SWIFT_VERSION = 5.0;
			};
			name = Debug;
		};
		AD13973C2CF2972B00497008 /* Release */ = {
			isa = XCBuildConfiguration;
			buildSettings = {
				ASSETCATALOG_COMPILER_APPICON_NAME = AppIcon;
				ASSETCATALOG_COMPILER_GLOBAL_ACCENT_COLOR_NAME = AccentColor;
				CODE_SIGN_ENTITLEMENTS = TestingTools/TestingTools.entitlements;
				CODE_SIGN_IDENTITY = "Apple Development";
				"CODE_SIGN_IDENTITY[sdk=macosx*]" = "Apple Development";
				CODE_SIGN_STYLE = Automatic;
				COMBINE_HIDPI_IMAGES = YES;
				CURRENT_PROJECT_VERSION = 1;
				DEVELOPMENT_ASSET_PATHS = "\"TestingTools/Preview Content\"";
				DEVELOPMENT_TEAM = ZME7ED67F3;
				ENABLE_HARDENED_RUNTIME = YES;
				ENABLE_PREVIEWS = YES;
				GENERATE_INFOPLIST_FILE = YES;
				INFOPLIST_FILE = TestingTools/Info.plist;
				INFOPLIST_KEY_CFBundleDisplayName = "Testing Tools";
				INFOPLIST_KEY_LSApplicationCategoryType = "public.app-category.developer-tools";
				INFOPLIST_KEY_NSHumanReadableCopyright = "";
				LD_RUNPATH_SEARCH_PATHS = (
					"$(inherited)",
					"@executable_path/../Frameworks",
				);
				MACOSX_DEPLOYMENT_TARGET = 14.6;
				MARKETING_VERSION = 1.2;
				PRODUCT_BUNDLE_IDENTIFIER = com.andybrown.TestingTools;
				PRODUCT_NAME = TestingTools;
				PROVISIONING_PROFILE_SPECIFIER = "";
				SWIFT_EMIT_LOC_STRINGS = YES;
				SWIFT_VERSION = 5.0;
			};
			name = Release;
		};
		AD1397532CF297AA00497008 /* Debug */ = {
			isa = XCBuildConfiguration;
			buildSettings = {
				CODE_SIGN_ENTITLEMENTS = TestingToolsExtension/TestingToolsExtension.entitlements;
				CODE_SIGN_STYLE = Automatic;
				COMBINE_HIDPI_IMAGES = YES;
				CURRENT_PROJECT_VERSION = 1;
				DEVELOPMENT_TEAM = ZME7ED67F3;
				ENABLE_HARDENED_RUNTIME = YES;
				GENERATE_INFOPLIST_FILE = YES;
				INFOPLIST_FILE = TestingToolsExtension/Info.plist;
				INFOPLIST_KEY_CFBundleDisplayName = "Testing Tools";
				INFOPLIST_KEY_NSHumanReadableCopyright = "";
				LD_RUNPATH_SEARCH_PATHS = (
					"$(inherited)",
					"@executable_path/../Frameworks",
					"@executable_path/../../../../Frameworks",
				);
				MACOSX_DEPLOYMENT_TARGET = 14.6;
				MARKETING_VERSION = 1.2;
				PRODUCT_BUNDLE_IDENTIFIER = com.andybrown.TestingTools.TestingToolsExtension;
				PRODUCT_NAME = "Testing Tools";
				SKIP_INSTALL = YES;
				SWIFT_EMIT_LOC_STRINGS = YES;
				SWIFT_VERSION = 5.0;
			};
			name = Debug;
		};
		AD1397542CF297AA00497008 /* Release */ = {
			isa = XCBuildConfiguration;
			buildSettings = {
				CODE_SIGN_ENTITLEMENTS = TestingToolsExtension/TestingToolsExtension.entitlements;
				CODE_SIGN_IDENTITY = "Apple Development";
				CODE_SIGN_STYLE = Automatic;
				COMBINE_HIDPI_IMAGES = YES;
				CURRENT_PROJECT_VERSION = 1;
				DEVELOPMENT_TEAM = ZME7ED67F3;
				ENABLE_HARDENED_RUNTIME = YES;
				GENERATE_INFOPLIST_FILE = YES;
				INFOPLIST_FILE = TestingToolsExtension/Info.plist;
				INFOPLIST_KEY_CFBundleDisplayName = "Testing Tools";
				INFOPLIST_KEY_NSHumanReadableCopyright = "";
				LD_RUNPATH_SEARCH_PATHS = (
					"$(inherited)",
					"@executable_path/../Frameworks",
					"@executable_path/../../../../Frameworks",
				);
				MACOSX_DEPLOYMENT_TARGET = 14.6;
				MARKETING_VERSION = 1.2;
				PRODUCT_BUNDLE_IDENTIFIER = com.andybrown.TestingTools.TestingToolsExtension;
				PRODUCT_NAME = "Testing Tools";
				PROVISIONING_PROFILE_SPECIFIER = "";
				SKIP_INSTALL = YES;
				SWIFT_EMIT_LOC_STRINGS = YES;
				SWIFT_VERSION = 5.0;
			};
			name = Release;
		};
		ADA80ACA2CF317FD005FE717 /* Debug */ = {
			isa = XCBuildConfiguration;
			buildSettings = {
				BUNDLE_LOADER = "$(TEST_HOST)";
				CODE_SIGN_STYLE = Automatic;
				CURRENT_PROJECT_VERSION = 1;
				DEVELOPMENT_TEAM = ZME7ED67F3;
				FRAMEWORK_SEARCH_PATHS = /Applications/Xcode.app/Contents/Developer/Library/Frameworks;
				GENERATE_INFOPLIST_FILE = YES;
				LD_RUNPATH_SEARCH_PATHS = /Applications/Xcode.app/Contents/Developer/Library/Frameworks;
				MACOSX_DEPLOYMENT_TARGET = 14.6;
				MARKETING_VERSION = 1.0;
				PRODUCT_BUNDLE_IDENTIFIER = com.andybrown.TestingToolsTests;
				PRODUCT_NAME = "$(TARGET_NAME)";
				SWIFT_EMIT_LOC_STRINGS = NO;
				SWIFT_VERSION = 5.0;
				TEST_HOST = "$(BUILT_PRODUCTS_DIR)/TestingTools.app/$(BUNDLE_EXECUTABLE_FOLDER_PATH)/TestingTools";
			};
			name = Debug;
		};
		ADA80ACB2CF317FD005FE717 /* Release */ = {
			isa = XCBuildConfiguration;
			buildSettings = {
				BUNDLE_LOADER = "$(TEST_HOST)";
				CODE_SIGN_STYLE = Automatic;
				CURRENT_PROJECT_VERSION = 1;
				DEVELOPMENT_TEAM = ZME7ED67F3;
				FRAMEWORK_SEARCH_PATHS = /Applications/Xcode.app/Contents/Developer/Library/Frameworks;
				GENERATE_INFOPLIST_FILE = YES;
				LD_RUNPATH_SEARCH_PATHS = /Applications/Xcode.app/Contents/Developer/Library/Frameworks;
				MACOSX_DEPLOYMENT_TARGET = 14.6;
				MARKETING_VERSION = 1.0;
				PRODUCT_BUNDLE_IDENTIFIER = com.andybrown.TestingToolsTests;
				PRODUCT_NAME = "$(TARGET_NAME)";
				SWIFT_EMIT_LOC_STRINGS = NO;
				SWIFT_VERSION = 5.0;
				TEST_HOST = "$(BUILT_PRODUCTS_DIR)/TestingTools.app/$(BUNDLE_EXECUTABLE_FOLDER_PATH)/TestingTools";
			};
			name = Release;
		};
/* End XCBuildConfiguration section */

/* Begin XCConfigurationList section */
		AD1397262CF2972900497008 /* Build configuration list for PBXProject "TestingTools" */ = {
			isa = XCConfigurationList;
			buildConfigurations = (
				AD1397382CF2972B00497008 /* Debug */,
				AD1397392CF2972B00497008 /* Release */,
			);
			defaultConfigurationIsVisible = 0;
			defaultConfigurationName = Release;
		};
		AD13973A2CF2972B00497008 /* Build configuration list for PBXNativeTarget "Testing Tools Host" */ = {
			isa = XCConfigurationList;
			buildConfigurations = (
				AD13973B2CF2972B00497008 /* Debug */,
				AD13973C2CF2972B00497008 /* Release */,
			);
			defaultConfigurationIsVisible = 0;
			defaultConfigurationName = Release;
		};
		AD1397522CF297AA00497008 /* Build configuration list for PBXNativeTarget "Testing Tools Extension" */ = {
			isa = XCConfigurationList;
			buildConfigurations = (
				AD1397532CF297AA00497008 /* Debug */,
				AD1397542CF297AA00497008 /* Release */,
			);
			defaultConfigurationIsVisible = 0;
			defaultConfigurationName = Release;
		};
		ADA80ACC2CF317FD005FE717 /* Build configuration list for PBXNativeTarget "Testing Tools Tests" */ = {
			isa = XCConfigurationList;
			buildConfigurations = (
				ADA80ACA2CF317FD005FE717 /* Debug */,
				ADA80ACB2CF317FD005FE717 /* Release */,
			);
			defaultConfigurationIsVisible = 0;
			defaultConfigurationName = Release;
		};
/* End XCConfigurationList section */
	};
	rootObject = AD1397232CF2972900497008 /* Project object */;
}
